
Microsoft Visual Studio Solution File, Format Version 12.00
# Visual Studio Version 17
VisualStudioVersion = 17.1.32421.90
MinimumVisualStudioVersion = 10.0.40219.1
Project("{FAE04EC0-301F-11D3-BF4B-00C04F79EFBC}") = "STAPI", "STAPI\STAPI.csproj", "{B35A7BD7-1450-441F-9489-7134A1583F8F}"
EndProject
Global
	GlobalSection(SolutionConfigurationPlatforms) = preSolution
		Debug|Any CPU = Debug|Any CPU
		Release|Any CPU = Release|Any CPU
	EndGlobalSection
	GlobalSection(ProjectConfigurationPlatforms) = postSolution
		{B35A7BD7-1450-441F-9489-7134A1583F8F}.Debug|Any CPU.ActiveCfg = Debug|Any CPU
		{B35A7BD7-1450-441F-9489-7134A1583F8F}.Debug|Any CPU.Build.0 = Debug|Any CPU
		{B35A7BD7-1450-441F-9489-7134A1583F8F}.Release|Any CPU.ActiveCfg = Release|Any CPU
		{B35A7BD7-1450-441F-9489-7134A1583F8F}.Release|Any CPU.Build.0 = Release|Any CPU
	EndGlobalSection
	GlobalSection(SolutionProperties) = preSolution
		HideSolutionNode = FALSE
	EndGlobalSection
	GlobalSection(ExtensibilityGlobals) = postSolution
		SolutionGuid = {9143C72A-13AF-4DF1-8E6A-2781D856F91B}
	EndGlobalSection
EndGlobal
